{
  "name": "measurabl-test",
  "version": "1.0.0",
  "lockfileVersion": 1,
  "requires": true,
  "dependencies": {
    "debug": {
      "version": "3.1.0",
      "resolved": "https://registry.npmjs.org/debug/-/debug-3.1.0.tgz",
      "integrity": "sha512-OX8XqP7/1a9cqkxYw2yXss15f26NKWBpDXQd0/uK/KPqdQhxbPa994hnzjcE2VqQpDslf55723cKPUOGSmMY3g==",
      "dev": true,
      "requires": {
        "ms": "2.0.0"
      }
    },
    "get-json": {
      "version": "1.0.0",
      "resolved": "https://registry.npmjs.org/get-json/-/get-json-1.0.0.tgz",
      "integrity": "sha512-hrKUsgCR/UYJ4u+g1ImS2GyQy6GbE5hXd5C8zwZvwzPaEf8M1C+dTi2WKDtwaCevy2Z1wepK0+hErZGXEQr6hA==",
      "dev": true,
      "requires": {
        "is-node": "0.0.0",
        "jsonp": "0.0.4",
        "phin": "2.9.0"
      }
    },
    "is-node": {
      "version": "0.0.0",
      "resolved": "https://registry.npmjs.org/is-node/-/is-node-0.0.0.tgz",
      "integrity": "sha1-h91lC4f7ajnFDKr+4On2g17BXkE=",
      "dev": true
    },
    "is-wsl": {
      "version": "1.1.0",
      "resolved": "https://registry.npmjs.org/is-wsl/-/is-wsl-1.1.0.tgz",
      "integrity": "sha1-HxbkqiKwTRM2tmGIpmrzxgDDpm0=",
      "dev": true
    },
    "jsonp": {
      "version": "0.0.4",
      "resolved": "https://registry.npmjs.org/jsonp/-/jsonp-0.0.4.tgz",
      "integrity": "sha1-lGZaS3caq+y4qshBNbmVlHVpGL0=",
      "dev": true,
      "requires": {
        "debug": "3.1.0"
      }
    },
    "ms": {
      "version": "2.0.0",
      "resolved": "https://registry.npmjs.org/ms/-/ms-2.0.0.tgz",
      "integrity": "sha1-VgiurfwAvmwpAd9fmGF4jeDVl8g=",
      "dev": true
    },
    "opn": {
      "version": "5.3.0",
      "resolved": "https://registry.npmjs.org/opn/-/opn-5.3.0.tgz",
      "integrity": "sha512-bYJHo/LOmoTd+pfiYhfZDnf9zekVJrY+cnS2a5F2x+w5ppvTqObojTP7WiFG+kVZs9Inw+qQ/lw7TroWwhdd2g==",
      "dev": true,
      "requires": {
        "is-wsl": "1.1.0"
      }
    },
    "phin": {
      "version": "2.9.0",
      "resolved": "https://registry.npmjs.org/phin/-/phin-2.9.0.tgz",
      "integrity": "sha512-2az4ADCnoEsaEy00UNJSkwFbp4B4ti53AKT26/Dt8lWtw/DABhx+PWpf+wKC7KsqnJoSd9FZ5NpuGc+I8c5ZUg==",
      "dev": true
    }
  }
}
